{
  "name": "shapemath-js",
  "version": "0.1.0",
  "lockfileVersion": 1,
  "requires": true,
  "dependencies": {
    "math-sqrt": {
      "version": "1.0.1",
      "resolved": "https://registry.npmjs.org/math-sqrt/-/math-sqrt-1.0.1.tgz",
      "integrity": "sha1-N/VjnWfTF9cnPNqumExdd1oUNCU="
    }
  }
}
